
Microsoft Visual Studio Solution File, Format Version 12.00
# Visual Studio Version 17
VisualStudioVersion = 17.5.33502.453
MinimumVisualStudioVersion = 10.0.40219.1
Project("{FAE04EC0-301F-11D3-BF4B-00C04F79EFBC}") = "WebApplication1", "WebApplication1\WebApplication1.csproj", "{FD96A230-9689-4799-991A-21D83DE43661}"
EndProject
Global
	GlobalSection(SolutionConfigurationPlatforms) = preSolution
		Debug|Any CPU = Debug|Any CPU
		Release|Any CPU = Release|Any CPU
	EndGlobalSection
	GlobalSection(ProjectConfigurationPlatforms) = postSolution
		{FD96A230-9689-4799-991A-21D83DE43661}.Debug|Any CPU.ActiveCfg = Debug|Any CPU
		{FD96A230-9689-4799-991A-21D83DE43661}.Debug|Any CPU.Build.0 = Debug|Any CPU
		{FD96A230-9689-4799-991A-21D83DE43661}.Release|Any CPU.ActiveCfg = Release|Any CPU
		{FD96A230-9689-4799-991A-21D83DE43661}.Release|Any CPU.Build.0 = Release|Any CPU
	EndGlobalSection
	GlobalSection(SolutionProperties) = preSolution
		HideSolutionNode = FALSE
	EndGlobalSection
	GlobalSection(ExtensibilityGlobals) = postSolution
		SolutionGuid = {A210BD42-7766-425B-95DF-6C27D493F6E0}
	EndGlobalSection
EndGlobal
